
Microsoft Visual Studio Solution File, Format Version 12.00
# Visual Studio 15
VisualStudioVersion = 15.0.27703.2026
MinimumVisualStudioVersion = 10.0.40219.1
Project("{FAE04EC0-301F-11D3-BF4B-00C04F79EFBC}") = "Nulos", "Nulos\Nulos.csproj", "{1AD83858-F31C-4283-90FC-6DD26BA1F277}"
EndProject
Global
	GlobalSection(SolutionConfigurationPlatforms) = preSolution
		Debug|Any CPU = Debug|Any CPU
		Release|Any CPU = Release|Any CPU
	EndGlobalSection
	GlobalSection(ProjectConfigurationPlatforms) = postSolution
		{1AD83858-F31C-4283-90FC-6DD26BA1F277}.Debug|Any CPU.ActiveCfg = Debug|Any CPU
		{1AD83858-F31C-4283-90FC-6DD26BA1F277}.Debug|Any CPU.Build.0 = Debug|Any CPU
		{1AD83858-F31C-4283-90FC-6DD26BA1F277}.Release|Any CPU.ActiveCfg = Release|Any CPU
		{1AD83858-F31C-4283-90FC-6DD26BA1F277}.Release|Any CPU.Build.0 = Release|Any CPU
	EndGlobalSection
	GlobalSection(SolutionProperties) = preSolution
		HideSolutionNode = FALSE
	EndGlobalSection
	GlobalSection(ExtensibilityGlobals) = postSolution
		SolutionGuid = {8E6555B1-8D31-4A89-8FD2-1EC5CD0C7736}
	EndGlobalSection
EndGlobal
